
Microsoft Visual Studio Solution File, Format Version 12.00
# Visual Studio 15
VisualStudioVersion = 15.0.27428.2043
MinimumVisualStudioVersion = 10.0.40219.1
Project("{FAE04EC0-301F-11D3-BF4B-00C04F79EFBC}") = "CardCatalog", "Library Card Catalog\CardCatalog.csproj", "{61ABBB82-9968-47B2-8F58-013907E4DBB8}"
EndProject
Global
	GlobalSection(SolutionConfigurationPlatforms) = preSolution
		Debug|Any CPU = Debug|Any CPU
		Release|Any CPU = Release|Any CPU
	EndGlobalSection
	GlobalSection(ProjectConfigurationPlatforms) = postSolution
		{61ABBB82-9968-47B2-8F58-013907E4DBB8}.Debug|Any CPU.ActiveCfg = Debug|Any CPU
		{61ABBB82-9968-47B2-8F58-013907E4DBB8}.Debug|Any CPU.Build.0 = Debug|Any CPU
		{61ABBB82-9968-47B2-8F58-013907E4DBB8}.Release|Any CPU.ActiveCfg = Release|Any CPU
		{61ABBB82-9968-47B2-8F58-013907E4DBB8}.Release|Any CPU.Build.0 = Release|Any CPU
	EndGlobalSection
	GlobalSection(SolutionProperties) = preSolution
		HideSolutionNode = FALSE
	EndGlobalSection
	GlobalSection(ExtensibilityGlobals) = postSolution
		SolutionGuid = {6FDD9BCB-A0E4-419D-BBB7-97394F0C4485}
	EndGlobalSection
EndGlobal
